
Microsoft Visual Studio Solution File, Format Version 12.00
# Visual Studio 15
VisualStudioVersion = 15.0.28307.1778
MinimumVisualStudioVersion = 10.0.40219.1
Project("{F184B08F-C81C-45F6-A57F-5ABD9991F28F}") = "T-NORM", "T-NORM\T-NORM.vbproj", "{D0ABE7BD-682D-4764-9667-B3A812242004}"
EndProject
Global
	GlobalSection(SolutionConfigurationPlatforms) = preSolution
		Debug|Any CPU = Debug|Any CPU
		Release|Any CPU = Release|Any CPU
	EndGlobalSection
	GlobalSection(ProjectConfigurationPlatforms) = postSolution
		{D0ABE7BD-682D-4764-9667-B3A812242004}.Debug|Any CPU.ActiveCfg = Debug|Any CPU
		{D0ABE7BD-682D-4764-9667-B3A812242004}.Debug|Any CPU.Build.0 = Debug|Any CPU
		{D0ABE7BD-682D-4764-9667-B3A812242004}.Release|Any CPU.ActiveCfg = Release|Any CPU
		{D0ABE7BD-682D-4764-9667-B3A812242004}.Release|Any CPU.Build.0 = Release|Any CPU
	EndGlobalSection
	GlobalSection(SolutionProperties) = preSolution
		HideSolutionNode = FALSE
	EndGlobalSection
	GlobalSection(ExtensibilityGlobals) = postSolution
		SolutionGuid = {78F4D54F-3763-458F-A575-E38BE95A2466}
	EndGlobalSection
EndGlobal
